{
  "name": "nk-ts5-beebattle-vue2",
  "version": "0.0.1",
  "lockfileVersion": 1,
  "requires": true,
  "dependencies": {
    "yarn": {
      "version": "1.22.10",
      "resolved": "http://ns.nkpro.cn/repository/npm-public/yarn/-/yarn-1.22.10.tgz",
      "integrity": "sha1-yZ2qBiV8gPj6LD8UkHJOOUwmsYw=",
      "dev": true
    }
  }
}
